// !$*UTF8*$!
{
	archiveVersion = 1;
	classes = {
	};
	objectVersion = 46;
	objects = {

/* Begin PBXBuildFile section */
		C31A326A1EEE3B8D0089CBDB /* CalculatorBrain.swift in Sources */ = {isa = PBXBuildFile; fileRef = C31A32691EEE3B8D0089CBDB /* CalculatorBrain.swift */; };
		C31AEE351EE90C6D00DD903D /* AppDelegate.swift in Sources */ = {isa = PBXBuildFile; fileRef = C31AEE341EE90C6D00DD903D /* AppDelegate.swift */; };
		C31AEE371EE90C6D00DD903D /* ViewController.swift in Sources */ = {isa = PBXBuildFile; fileRef = C31AEE361EE90C6D00DD903D /* ViewController.swift */; };
		C31AEE3A1EE90C6D00DD903D /* Main.storyboard in Resources */ = {isa = PBXBuildFile; fileRef = C31AEE381EE90C6D00DD903D /* Main.storyboard */; };
		C31AEE3C1EE90C6D00DD903D /* Assets.xcassets in Resources */ = {isa = PBXBuildFile; fileRef = C31AEE3B1EE90C6D00DD903D /* Assets.xcassets */; };
		C31AEE3F1EE90C6D00DD903D /* LaunchScreen.storyboard in Resources */ = {isa = PBXBuildFile; fileRef = C31AEE3D1EE90C6D00DD903D /* LaunchScreen.storyboard */; };
/* End PBXBuildFile section */

/* Begin PBXFileReference section */
		C31A32691EEE3B8D0089CBDB /* CalculatorBrain.swift */ = {isa = PBXFileReference; fileEncoding = 4; lastKnownFileType = sourcecode.swift; path = CalculatorBrain.swift; sourceTree = "<group>"; };
		C31AEE311EE90C6D00DD903D /* Calculator.app */ = {isa = PBXFileReference; explicitFileType = wrapper.application; includeInIndex = 0; path = Calculator.app; sourceTree = BUILT_PRODUCTS_DIR; };
		C31AEE341EE90C6D00DD903D /* AppDelegate.swift */ = {isa = PBXFileReference; lastKnownFileType = sourcecode.swift; path = AppDelegate.swift; sourceTree = "<group>"; };
		C31AEE361EE90C6D00DD903D /* ViewController.swift */ = {isa = PBXFileReference; lastKnownFileType = sourcecode.swift; path = ViewController.swift; sourceTree = "<group>"; };
		C31AEE391EE90C6D00DD903D /* Base */ = {isa = PBXFileReference; lastKnownFileType = file.storyboard; name = Base; path = Base.lproj/Main.storyboard; sourceTree = "<group>"; };
		C31AEE3B1EE90C6D00DD903D /* Assets.xcassets */ = {isa = PBXFileReference; lastKnownFileType = folder.assetcatalog; path = Assets.xcassets; sourceTree = "<group>"; };
		C31AEE3E1EE90C6D00DD903D /* Base */ = {isa = PBXFileReference; lastKnownFileType = file.storyboard; name = Base; path = Base.lproj/LaunchScreen.storyboard; sourceTree = "<group>"; };
		C31AEE401EE90C6D00DD903D /* Info.plist */ = {isa = PBXFileReference; lastKnownFileType = text.plist.xml; path = Info.plist; sourceTree = "<group>"; };
/* End PBXFileReference section */

/* Begin PBXFrameworksBuildPhase section */
		C31AEE2E1EE90C6D00DD903D /* Frameworks */ = {
			isa = PBXFrameworksBuildPhase;
			buildActionMask = 2147483647;
			files = (
			);
			runOnlyForDeploymentPostprocessing = 0;
		};
/* End PBXFrameworksBuildPhase section */

/* Begin PBXGroup section */
		C31AEE281EE90C6D00DD903D = {
			isa = PBXGroup;
			children = (
				C31AEE331EE90C6D00DD903D /* Calculator */,
				C31AEE321EE90C6D00DD903D /* Products */,
			);
			sourceTree = "<group>";
		};
		C31AEE321EE90C6D00DD903D /* Products */ = {
			isa = PBXGroup;
			children = (
				C31AEE311EE90C6D00DD903D /* Calculator.app */,
			);
			name = Products;
			sourceTree = "<group>";
		};
		C31AEE331EE90C6D00DD903D /* Calculator */ = {
			isa = PBXGroup;
			children = (
				C31AEE361EE90C6D00DD903D /* ViewController.swift */,
				C31A32691EEE3B8D0089CBDB /* CalculatorBrain.swift */,
				C31AEE381EE90C6D00DD903D /* Main.storyboard */,
				C31AEE461EE942F200DD903D /* Supporting Files */,
			);
			path = Calculator;
			sourceTree = "<group>";
		};
		C31AEE461EE942F200DD903D /* Supporting Files */ = {
			isa = PBXGroup;
			children = (
				C31AEE341EE90C6D00DD903D /* AppDelegate.swift */,
				C31AEE3B1EE90C6D00DD903D /* Assets.xcassets */,
				C31AEE3D1EE90C6D00DD903D /* LaunchScreen.storyboard */,
				C31AEE401EE90C6D00DD903D /* Info.plist */,
			);
			name = "Supporting Files";
			sourceTree = "<group>";
		};
/* End PBXGroup section */

/* Begin PBXNativeTarget section */
		C31AEE301EE90C6D00DD903D /* Calculator */ = {
			isa = PBXNativeTarget;
			buildConfigurationList = C31AEE431EE90C6D00DD903D /* Build configuration list for PBXNativeTarget "Calculator" */;
			buildPhases = (
				C31AEE2D1EE90C6D00DD903D /* Sources */,
				C31AEE2E1EE90C6D00DD903D /* Frameworks */,
				C31AEE2F1EE90C6D00DD903D /* Resources */,
			);
			buildRules = (
			);
			dependencies = (
			);
			name = Calculator;
			productName = Calculator;
			productReference = C31AEE311EE90C6D00DD903D /* Calculator.app */;
			productType = "com.apple.product-type.application";
		};
/* End PBXNativeTarget section */

/* Begin PBXProject section */
		C31AEE291EE90C6D00DD903D /* Project object */ = {
			isa = PBXProject;
			attributes = {
				LastSwiftUpdateCheck = 0820;
				LastUpgradeCheck = 0820;
				ORGANIZATIONNAME = "yolanda yuan";
				TargetAttributes = {
					C31AEE301EE90C6D00DD903D = {
						CreatedOnToolsVersion = 8.2.1;
						DevelopmentTeam = VTL66H26EA;
						ProvisioningStyle = Automatic;
					};
				};
			};
			buildConfigurationList = C31AEE2C1EE90C6D00DD903D /* Build configuration list for PBXProject "Calculator" */;
			compatibilityVersion = "Xcode 3.2";
			developmentRegion = English;
			hasScannedForEncodings = 0;
			knownRegions = (
				en,
				Base,
			);
			mainGroup = C31AEE281EE90C6D00DD903D;
			productRefGroup = C31AEE321EE90C6D00DD903D /* Products */;
			projectDirPath = "";
			projectRoot = "";
			targets = (
				C31AEE301EE90C6D00DD903D /* Calculator */,
			);
		};
/* End PBXProject section */

/* Begin PBXResourcesBuildPhase section */
		C31AEE2F1EE90C6D00DD903D /* Resources */ = {
			isa = PBXResourcesBuildPhase;
			buildActionMask = 2147483647;
			files = (
				C31AEE3F1EE90C6D00DD903D /* LaunchScreen.storyboard in Resources */,
				C31AEE3C1EE90C6D00DD903D /* Assets.xcassets in Resources */,
				C31AEE3A1EE90C6D00DD903D /* Main.storyboard in Resources */,
			);
			runOnlyForDeploymentPostprocessing = 0;
		};
/* End PBXResourcesBuildPhase section */

/* Begin PBXSourcesBuildPhase section */
		C31AEE2D1EE90C6D00DD903D /* Sources */ = {
			isa = PBXSourcesBuildPhase;
			buildActionMask = 2147483647;
			files = (
				C31A326A1EEE3B8D0089CBDB /* CalculatorBrain.swift in Sources */,
				C31AEE371EE90C6D00DD903D /* ViewController.swift in Sources */,
				C31AEE351EE90C6D00DD903D /* AppDelegate.swift in Sources */,
			);
			runOnlyForDeploymentPostprocessing = 0;
		};
/* End PBXSourcesBuildPhase section */

/* Begin PBXVariantGroup section */
		C31AEE381EE90C6D00DD903D /* Main.storyboard */ = {
			isa = PBXVariantGroup;
			children = (
				C31AEE391EE90C6D00DD903D /* Base */,
			);
			name = Main.storyboard;
			sourceTree = "<group>";
		};
		C31AEE3D1EE90C6D00DD903D /* LaunchScreen.storyboard */ = {
			isa = PBXVariantGroup;
			children = (
				C31AEE3E1EE90C6D00DD903D /* Base */,
			);
			name = LaunchScreen.storyboard;
			sourceTree = "<group>";
		};
/* End PBXVariantGroup section */

/* Begin XCBuildConfiguration section */
		C31AEE411EE90C6D00DD903D /* Debug */ = {
			isa = XCBuildConfiguration;
			buildSettings = {
				ALWAYS_SEARCH_USER_PATHS = NO;
				CLANG_ANALYZER_NONNULL = YES;
				CLANG_CXX_LANGUAGE_STANDARD = "gnu++0x";
				CLANG_CXX_LIBRARY = "libc++";
				CLANG_ENABLE_MODULES = YES;
				CLANG_ENABLE_OBJC_ARC = YES;
				CLANG_WARN_BOOL_CONVERSION = YES;
				CLANG_WARN_CONSTANT_CONVERSION = YES;
				CLANG_WARN_DIRECT_OBJC_ISA_USAGE = YES_ERROR;
				CLANG_WARN_DOCUMENTATION_COMMENTS = YES;
				CLANG_WARN_EMPTY_BODY = YES;
				CLANG_WARN_ENUM_CONVERSION = YES;
				CLANG_WARN_INFINITE_RECURSION = YES;
				CLANG_WARN_INT_CONVERSION = YES;
				CLANG_WARN_OBJC_ROOT_CLASS = YES_ERROR;
				CLANG_WARN_SUSPICIOUS_MOVE = YES;
				CLANG_WARN_UNREACHABLE_CODE = YES;
				CLANG_WARN__DUPLICATE_METHOD_MATCH = YES;
				"CODE_SIGN_IDENTITY[sdk=iphoneos*]" = "iPhone Developer";
				COPY_PHASE_STRIP = NO;
				DEBUG_INFORMATION_FORMAT = dwarf;
				ENABLE_STRICT_OBJC_MSGSEND = YES;
				ENABLE_TESTABILITY = YES;
				GCC_C_LANGUAGE_STANDARD = gnu99;
				GCC_DYNAMIC_NO_PIC = NO;
				GCC_NO_COMMON_BLOCKS = YES;
				GCC_OPTIMIZATION_LEVEL = 0;
				GCC_PREPROCESSOR_DEFINITIONS = (
					"DEBUG=1",
					"$(inherited)",
				);
				GCC_WARN_64_TO_32_BIT_CONVERSION = YES;
				GCC_WARN_ABOUT_RETURN_TYPE = YES_ERROR;
				GCC_WARN_UNDECLARED_SELECTOR = YES;
				GCC_WARN_UNINITIALIZED_AUTOS = YES_AGGRESSIVE;
				GCC_WARN_UNUSED_FUNCTION = YES;
				GCC_WARN_UNUSED_VARIABLE = YES;
				IPHONEOS_DEPLOYMENT_TARGET = 10.2;
				MTL_ENABLE_DEBUG_INFO = YES;
				ONLY_ACTIVE_ARCH = YES;
				SDKROOT = iphoneos;
				SWIFT_ACTIVE_COMPILATION_CONDITIONS = DEBUG;
				SWIFT_OPTIMIZATION_LEVEL = "-Onone";
				TARGETED_DEVICE_FAMILY = "1,2";
			};
			name = Debug;
		};
		C31AEE421EE90C6D00DD903D /* Release */ = {
			isa = XCBuildConfiguration;
			buildSettings = {
				ALWAYS_SEARCH_USER_PATHS = NO;
				CLANG_ANALYZER_NONNULL = YES;
				CLANG_CXX_LANGUAGE_STANDARD = "gnu++0x";
				CLANG_CXX_LIBRARY = "libc++";
				CLANG_ENABLE_MODULES = YES;
				CLANG_ENABLE_OBJC_ARC = YES;
				CLANG_WARN_BOOL_CONVERSION = YES;
				CLANG_WARN_CONSTANT_CONVERSION = YES;
				CLANG_WARN_DIRECT_OBJC_ISA_USAGE = YES_ERROR;
				CLANG_WARN_DOCUMENTATION_COMMENTS = YES;
				CLANG_WARN_EMPTY_BODY = YES;
				CLANG_WARN_ENUM_CONVERSION = YES;
				CLANG_WARN_INFINITE_RECURSION = YES;
				CLANG_WARN_INT_CONVERSION = YES;
				CLANG_WARN_OBJC_ROOT_CLASS = YES_ERROR;
				CLANG_WARN_SUSPICIOUS_MOVE = YES;
				CLANG_WARN_UNREACHABLE_CODE = YES;
				CLANG_WARN__DUPLICATE_METHOD_MATCH = YES;
				"CODE_SIGN_IDENTITY[sdk=iphoneos*]" = "iPhone Developer";
				COPY_PHASE_STRIP = NO;
				DEBUG_INFORMATION_FORMAT = "dwarf-with-dsym";
				ENABLE_NS_ASSERTIONS = NO;
				ENABLE_STRICT_OBJC_MSGSEND = YES;
				GCC_C_LANGUAGE_STANDARD = gnu99;
				GCC_NO_COMMON_BLOCKS = YES;
				GCC_WARN_64_TO_32_BIT_CONVERSION = YES;
				GCC_WARN_ABOUT_RETURN_TYPE = YES_ERROR;
				GCC_WARN_UNDECLARED_SELECTOR = YES;
				GCC_WARN_UNINITIALIZED_AUTOS = YES_AGGRESSIVE;
				GCC_WARN_UNUSED_FUNCTION = YES;
				GCC_WARN_UNUSED_VARIABLE = YES;
				IPHONEOS_DEPLOYMENT_TARGET = 10.2;
				MTL_ENABLE_DEBUG_INFO = NO;
				SDKROOT = iphoneos;
				SWIFT_OPTIMIZATION_LEVEL = "-Owholemodule";
				TARGETED_DEVICE_FAMILY = "1,2";
				VALIDATE_PRODUCT = YES;
			};
			name = Release;
		};
		C31AEE441EE90C6D00DD903D /* Debug */ = {
			isa = XCBuildConfiguration;
			buildSettings = {
				ASSETCATALOG_COMPILER_APPICON_NAME = AppIcon;
				DEVELOPMENT_TEAM = VTL66H26EA;
				INFOPLIST_FILE = Calculator/Info.plist;
				LD_RUNPATH_SEARCH_PATHS = "$(inherited) @executable_path/Frameworks";
				PRODUCT_BUNDLE_IDENTIFIER = com.rorvte.Calculator;
				PRODUCT_NAME = "$(TARGET_NAME)";
				SWIFT_VERSION = 3.0;
			};
			name = Debug;
		};
		C31AEE451EE90C6D00DD903D /* Release */ = {
			isa = XCBuildConfiguration;
			buildSettings = {
				ASSETCATALOG_COMPILER_APPICON_NAME = AppIcon;
				DEVELOPMENT_TEAM = VTL66H26EA;
				INFOPLIST_FILE = Calculator/Info.plist;
				LD_RUNPATH_SEARCH_PATHS = "$(inherited) @executable_path/Frameworks";
				PRODUCT_BUNDLE_IDENTIFIER = com.rorvte.Calculator;
				PRODUCT_NAME = "$(TARGET_NAME)";
				SWIFT_VERSION = 3.0;
			};
			name = Release;
		};
/* End XCBuildConfiguration section */

/* Begin XCConfigurationList section */
		C31AEE2C1EE90C6D00DD903D /* Build configuration list for PBXProject "Calculator" */ = {
			isa = XCConfigurationList;
			buildConfigurations = (
				C31AEE411EE90C6D00DD903D /* Debug */,
				C31AEE421EE90C6D00DD903D /* Release */,
			);
			defaultConfigurationIsVisible = 0;
			defaultConfigurationName = Release;
		};
		C31AEE431EE90C6D00DD903D /* Build configuration list for PBXNativeTarget "Calculator" */ = {
			isa = XCConfigurationList;
			buildConfigurations = (
				C31AEE441EE90C6D00DD903D /* Debug */,
				C31AEE451EE90C6D00DD903D /* Release */,
			);
			defaultConfigurationIsVisible = 0;
			defaultConfigurationName = Release;
		};
/* End XCConfigurationList section */
	};
	rootObject = C31AEE291EE90C6D00DD903D /* Project object */;
}
